
Microsoft Visual Studio Solution File, Format Version 12.00
# Visual Studio Version 16
VisualStudioVersion = 16.0.30611.23
MinimumVisualStudioVersion = 10.0.40219.1
Project("{FAE04EC0-301F-11D3-BF4B-00C04F79EFBC}") = "Agenda Light", "Agenda Light\Agenda Light.csproj", "{7A8D4769-BDD3-4BDD-B904-0F099F957646}"
EndProject
Global
	GlobalSection(SolutionConfigurationPlatforms) = preSolution
		Debug|Any CPU = Debug|Any CPU
		Release|Any CPU = Release|Any CPU
	EndGlobalSection
	GlobalSection(ProjectConfigurationPlatforms) = postSolution
		{7A8D4769-BDD3-4BDD-B904-0F099F957646}.Debug|Any CPU.ActiveCfg = Debug|Any CPU
		{7A8D4769-BDD3-4BDD-B904-0F099F957646}.Debug|Any CPU.Build.0 = Debug|Any CPU
		{7A8D4769-BDD3-4BDD-B904-0F099F957646}.Release|Any CPU.ActiveCfg = Release|Any CPU
		{7A8D4769-BDD3-4BDD-B904-0F099F957646}.Release|Any CPU.Build.0 = Release|Any CPU
	EndGlobalSection
	GlobalSection(SolutionProperties) = preSolution
		HideSolutionNode = FALSE
	EndGlobalSection
	GlobalSection(ExtensibilityGlobals) = postSolution
		SolutionGuid = {A2A5B407-85D4-4A1A-B1CB-9FAEE53156CC}
	EndGlobalSection
EndGlobal
